{
  "name": "webzurich",
  "version": "1.0.0",
  "lockfileVersion": 1,
  "requires": true,
  "dependencies": {
    "@gianlucaguarini/eslint-config": {
      "version": "2.0.0",
      "resolved": "https://registry.npmjs.org/@gianlucaguarini/eslint-config/-/eslint-config-2.0.0.tgz",
      "integrity": "sha512-GfJfFYlMlaa9aF57vdDHCgWEFLjHFZJ63v0i3d/g2tcXR87L94HXBKFST56Z2WH8ibUtZLZDwZDivrMDCuZxwQ==",
      "dev": true,
      "requires": {
        "eslint-plugin-fp": "^2.3.0"
      }
    },
    "acorn": {
      "version": "5.7.2",
      "resolved": "https://registry.npmjs.org/acorn/-/acorn-5.7.2.tgz",
      "integrity": "sha512-cJrKCNcr2kv8dlDnbw+JPUGjHZzo4myaxOLmpOX8a+rgX94YeTcTMv/LFJUSByRpc+i4GgVnnhLxvMu/2Y+rqw==",
      "dev": true
    },
    "allora": {
      "version": "1.0.0",
      "resolved": "https://registry.npmjs.org/allora/-/allora-1.0.0.tgz",
      "integrity": "sha1-ORz8ajvoUIbPdyiobhjKBnSQNeY=",
      "dev": true
    },
    "ansi-colors": {
      "version": "3.0.5",
      "resolved": "https://registry.npmjs.org/ansi-colors/-/ansi-colors-3.0.5.tgz",
      "integrity": "sha512-VVjWpkfaphxUBFarydrQ3n26zX5nIK7hcbT3/ielrvwDDyBBjuh2vuSw1P9zkPq0cfqvdw7lkYHnu+OLSfIBsg==",
      "dev": true
    },
    "create-eslint-index": {
      "version": "1.0.0",
      "resolved": "https://registry.npmjs.org/create-eslint-index/-/create-eslint-index-1.0.0.tgz",
      "integrity": "sha1-2VQ3LYbVeS/NZ+nyt5GxqxYkEbs=",
      "dev": true,
      "requires": {
        "lodash.get": "^4.3.0"
      }
    },
    "curri": {
      "version": "1.0.0",
      "resolved": "https://registry.npmjs.org/curri/-/curri-1.0.0.tgz",
      "integrity": "sha512-uV41gwvnWhLIMkeWdsZKpjDbalxbJXWpBixkfxTtbkf3QNoFjF0Blxkk87aB5se+lyQ1mLvklPhxMso5amqEow==",
      "dev": true
    },
    "eslint-ast-utils": {
      "version": "1.1.0",
      "resolved": "https://registry.npmjs.org/eslint-ast-utils/-/eslint-ast-utils-1.1.0.tgz",
      "integrity": "sha512-otzzTim2/1+lVrlH19EfQQJEhVJSu0zOb9ygb3iapN6UlyaDtyRq4b5U1FuW0v1lRa9Fp/GJyHkSwm6NqABgCA==",
      "dev": true,
      "requires": {
        "lodash.get": "^4.4.2",
        "lodash.zip": "^4.2.0"
      }
    },
    "eslint-plugin-fp": {
      "version": "2.3.0",
      "resolved": "https://registry.npmjs.org/eslint-plugin-fp/-/eslint-plugin-fp-2.3.0.tgz",
      "integrity": "sha1-N20qEIcQ6YGYC9w4deO5kg2gSJw=",
      "dev": true,
      "requires": {
        "create-eslint-index": "^1.0.0",
        "eslint-ast-utils": "^1.0.0",
        "lodash": "^4.13.1",
        "req-all": "^0.1.0"
      }
    },
    "lodash": {
      "version": "4.17.10",
      "resolved": "https://registry.npmjs.org/lodash/-/lodash-4.17.10.tgz",
      "integrity": "sha512-UejweD1pDoXu+AD825lWwp4ZGtSwgnpZxb3JDViD7StjQz+Nb/6l093lx4OQ0foGWNRoc19mWy7BzL+UAK2iVg==",
      "dev": true
    },
    "lodash.get": {
      "version": "4.4.2",
      "resolved": "https://registry.npmjs.org/lodash.get/-/lodash.get-4.4.2.tgz",
      "integrity": "sha1-LRd/ZS+jHpObRDjVNBSZ36OCXpk=",
      "dev": true
    },
    "lodash.zip": {
      "version": "4.2.0",
      "resolved": "https://registry.npmjs.org/lodash.zip/-/lodash.zip-4.2.0.tgz",
      "integrity": "sha1-7GZi5IlkCO1KtsVCo5kLcswIACA=",
      "dev": true
    },
    "reify": {
      "version": "0.17.3",
      "resolved": "https://registry.npmjs.org/reify/-/reify-0.17.3.tgz",
      "integrity": "sha512-i0t837UYnWyJPCeesupZjmpThIppOPSs4I/uHmsWzQaiGQqtsYlbeJNN5i+61fe6UEA3Famc3IHnlm511poMnA==",
      "dev": true,
      "requires": {
        "acorn": "^5.5.3",
        "semver": "^5.4.1"
      }
    },
    "req-all": {
      "version": "0.1.0",
      "resolved": "https://registry.npmjs.org/req-all/-/req-all-0.1.0.tgz",
      "integrity": "sha1-EwBR4qzligLqy/ydRIV3pzapJzo=",
      "dev": true
    },
    "semver": {
      "version": "5.5.1",
      "resolved": "https://registry.npmjs.org/semver/-/semver-5.5.1.tgz",
      "integrity": "sha512-PqpAxfrEhlSUWge8dwIp4tZnQ25DIOthpiaHNIthsjEFQD6EvqUKUDM7L8O2rShkFccYo1VjJR0coWfNkCubRw==",
      "dev": true
    }
  }
}
